
Microsoft Visual Studio Solution File, Format Version 12.00
# Visual Studio 2013
VisualStudioVersion = 12.0.31101.0
MinimumVisualStudioVersion = 10.0.40219.1
Project("{FAE04EC0-301F-11D3-BF4B-00C04F79EFBC}") = "SolarApp.DataProcessor", "DataProcessor\SolarApp.DataProcessor.csproj", "{E66F9C23-201D-42C7-A8EE-D2A3F0B2E190}"
EndProject
Project("{FAE04EC0-301F-11D3-BF4B-00C04F79EFBC}") = "SolarApp.DataProcessor.Unit.Tests", "DataProcessor.Unit.Tests\SolarApp.DataProcessor.Unit.Tests.csproj", "{4F044910-C900-4D3A-9DCD-FA6807D598B5}"
EndProject
Project("{2150E333-8FDC-42A3-9474-1A3956D46DE8}") = "Tests", "Tests", "{8FF5AFD9-EB6F-44CE-B38F-AC7DEB0598B5}"
EndProject
Project("{FAE04EC0-301F-11D3-BF4B-00C04F79EFBC}") = "SolarApp.DataProcessor.Integration.Tests", "DataProcessor.Integration.Tests\SolarApp.DataProcessor.Integration.Tests.csproj", "{5836006B-7B6D-4810-BFF2-0435B51C60E7}"
EndProject
Project("{FAE04EC0-301F-11D3-BF4B-00C04F79EFBC}") = "SolarApp.DataProcessor.Acceptance.Tests", "DataProcessor.Acceptance.Tests\SolarApp.DataProcessor.Acceptance.Tests.csproj", "{1E1A665E-7054-4436-8942-96E03209CEB3}"
EndProject
Project("{FAE04EC0-301F-11D3-BF4B-00C04F79EFBC}") = "SolarApp.Model", "Model\SolarApp.Model.csproj", "{4723AB29-155C-4EB8-A545-FC9187DFA4E9}"
EndProject
Project("{FAE04EC0-301F-11D3-BF4B-00C04F79EFBC}") = "SolarApp.Persistence", "Persistence\SolarApp.Persistence.csproj", "{3C392A7B-FB2A-464C-82A2-E389646C705B}"
EndProject
Project("{FAE04EC0-301F-11D3-BF4B-00C04F79EFBC}") = "SolarApp.DataProcessor.Tests.Helper", "DataProcessor.Tests.Helper\SolarApp.DataProcessor.Tests.Helper.csproj", "{4702D0D1-F9BE-4B93-9F82-8AC203EF6E16}"
EndProject
Project("{FAE04EC0-301F-11D3-BF4B-00C04F79EFBC}") = "SolarApp.Utility", "DataProcessor.Utility\SolarApp.Utility.csproj", "{E28AD1BD-7F9E-48D5-8E18-F9F1EB9AC5D9}"
EndProject
Project("{FAE04EC0-301F-11D3-BF4B-00C04F79EFBC}") = "SolarApp.Web", "SolarApp.Web\SolarApp.Web.csproj", "{CC0BFEDD-1BEA-4E35-8F72-2A5B2EA46AEB}"
EndProject
Project("{FAE04EC0-301F-11D3-BF4B-00C04F79EFBC}") = "SolarApp.Web.Unit.Tests", "SolarApp.Web.Tests\SolarApp.Web.Unit.Tests.csproj", "{1137A9D3-2BFA-4248-8442-81437569D269}"
EndProject
Global
	GlobalSection(SolutionConfigurationPlatforms) = preSolution
		Debug|Any CPU = Debug|Any CPU
		Debug|ARM = Debug|ARM
		Debug|x64 = Debug|x64
		Debug|x86 = Debug|x86
		Integration|Any CPU = Integration|Any CPU
		Integration|ARM = Integration|ARM
		Integration|x64 = Integration|x64
		Integration|x86 = Integration|x86
		Production|Any CPU = Production|Any CPU
		Production|ARM = Production|ARM
		Production|x64 = Production|x64
		Production|x86 = Production|x86
		QA|Any CPU = QA|Any CPU
		QA|ARM = QA|ARM
		QA|x64 = QA|x64
		QA|x86 = QA|x86
		Release|Any CPU = Release|Any CPU
		Release|ARM = Release|ARM
		Release|x64 = Release|x64
		Release|x86 = Release|x86
	EndGlobalSection
	GlobalSection(ProjectConfigurationPlatforms) = postSolution
		{E66F9C23-201D-42C7-A8EE-D2A3F0B2E190}.Debug|Any CPU.ActiveCfg = Debug|Any CPU
		{E66F9C23-201D-42C7-A8EE-D2A3F0B2E190}.Debug|Any CPU.Build.0 = Debug|Any CPU
		{E66F9C23-201D-42C7-A8EE-D2A3F0B2E190}.Debug|ARM.ActiveCfg = Debug|Any CPU
		{E66F9C23-201D-42C7-A8EE-D2A3F0B2E190}.Debug|x64.ActiveCfg = Debug|Any CPU
		{E66F9C23-201D-42C7-A8EE-D2A3F0B2E190}.Debug|x86.ActiveCfg = Debug|Any CPU
		{E66F9C23-201D-42C7-A8EE-D2A3F0B2E190}.Integration|Any CPU.ActiveCfg = Integration|Any CPU
		{E66F9C23-201D-42C7-A8EE-D2A3F0B2E190}.Integration|Any CPU.Build.0 = Integration|Any CPU
		{E66F9C23-201D-42C7-A8EE-D2A3F0B2E190}.Integration|ARM.ActiveCfg = Integration|Any CPU
		{E66F9C23-201D-42C7-A8EE-D2A3F0B2E190}.Integration|x64.ActiveCfg = Integration|Any CPU
		{E66F9C23-201D-42C7-A8EE-D2A3F0B2E190}.Integration|x86.ActiveCfg = Integration|Any CPU
		{E66F9C23-201D-42C7-A8EE-D2A3F0B2E190}.Production|Any CPU.ActiveCfg = Production|Any CPU
		{E66F9C23-201D-42C7-A8EE-D2A3F0B2E190}.Production|Any CPU.Build.0 = Production|Any CPU
		{E66F9C23-201D-42C7-A8EE-D2A3F0B2E190}.Production|ARM.ActiveCfg = Production|Any CPU
		{E66F9C23-201D-42C7-A8EE-D2A3F0B2E190}.Production|x64.ActiveCfg = Production|Any CPU
		{E66F9C23-201D-42C7-A8EE-D2A3F0B2E190}.Production|x86.ActiveCfg = Production|Any CPU
		{E66F9C23-201D-42C7-A8EE-D2A3F0B2E190}.QA|Any CPU.ActiveCfg = QA|Any CPU
		{E66F9C23-201D-42C7-A8EE-D2A3F0B2E190}.QA|Any CPU.Build.0 = QA|Any CPU
		{E66F9C23-201D-42C7-A8EE-D2A3F0B2E190}.QA|ARM.ActiveCfg = QA|Any CPU
		{E66F9C23-201D-42C7-A8EE-D2A3F0B2E190}.QA|x64.ActiveCfg = QA|Any CPU
		{E66F9C23-201D-42C7-A8EE-D2A3F0B2E190}.QA|x86.ActiveCfg = QA|Any CPU
		{E66F9C23-201D-42C7-A8EE-D2A3F0B2E190}.Release|Any CPU.ActiveCfg = Release|Any CPU
		{E66F9C23-201D-42C7-A8EE-D2A3F0B2E190}.Release|Any CPU.Build.0 = Release|Any CPU
		{E66F9C23-201D-42C7-A8EE-D2A3F0B2E190}.Release|ARM.ActiveCfg = Release|Any CPU
		{E66F9C23-201D-42C7-A8EE-D2A3F0B2E190}.Release|x64.ActiveCfg = Release|Any CPU
		{E66F9C23-201D-42C7-A8EE-D2A3F0B2E190}.Release|x86.ActiveCfg = Release|Any CPU
		{4F044910-C900-4D3A-9DCD-FA6807D598B5}.Debug|Any CPU.ActiveCfg = Debug|Any CPU
		{4F044910-C900-4D3A-9DCD-FA6807D598B5}.Debug|Any CPU.Build.0 = Debug|Any CPU
		{4F044910-C900-4D3A-9DCD-FA6807D598B5}.Debug|ARM.ActiveCfg = Debug|Any CPU
		{4F044910-C900-4D3A-9DCD-FA6807D598B5}.Debug|x64.ActiveCfg = Debug|Any CPU
		{4F044910-C900-4D3A-9DCD-FA6807D598B5}.Debug|x86.ActiveCfg = Debug|Any CPU
		{4F044910-C900-4D3A-9DCD-FA6807D598B5}.Integration|Any CPU.ActiveCfg = Integration|Any CPU
		{4F044910-C900-4D3A-9DCD-FA6807D598B5}.Integration|Any CPU.Build.0 = Integration|Any CPU
		{4F044910-C900-4D3A-9DCD-FA6807D598B5}.Integration|ARM.ActiveCfg = Integration|Any CPU
		{4F044910-C900-4D3A-9DCD-FA6807D598B5}.Integration|x64.ActiveCfg = Integration|Any CPU
		{4F044910-C900-4D3A-9DCD-FA6807D598B5}.Integration|x86.ActiveCfg = Integration|Any CPU
		{4F044910-C900-4D3A-9DCD-FA6807D598B5}.Production|Any CPU.ActiveCfg = Production|Any CPU
		{4F044910-C900-4D3A-9DCD-FA6807D598B5}.Production|Any CPU.Build.0 = Production|Any CPU
		{4F044910-C900-4D3A-9DCD-FA6807D598B5}.Production|ARM.ActiveCfg = Production|Any CPU
		{4F044910-C900-4D3A-9DCD-FA6807D598B5}.Production|x64.ActiveCfg = Production|Any CPU
		{4F044910-C900-4D3A-9DCD-FA6807D598B5}.Production|x86.ActiveCfg = Production|Any CPU
		{4F044910-C900-4D3A-9DCD-FA6807D598B5}.QA|Any CPU.ActiveCfg = QA|Any CPU
		{4F044910-C900-4D3A-9DCD-FA6807D598B5}.QA|Any CPU.Build.0 = QA|Any CPU
		{4F044910-C900-4D3A-9DCD-FA6807D598B5}.QA|ARM.ActiveCfg = QA|Any CPU
		{4F044910-C900-4D3A-9DCD-FA6807D598B5}.QA|x64.ActiveCfg = QA|Any CPU
		{4F044910-C900-4D3A-9DCD-FA6807D598B5}.QA|x86.ActiveCfg = QA|Any CPU
		{4F044910-C900-4D3A-9DCD-FA6807D598B5}.Release|Any CPU.ActiveCfg = Release|Any CPU
		{4F044910-C900-4D3A-9DCD-FA6807D598B5}.Release|Any CPU.Build.0 = Release|Any CPU
		{4F044910-C900-4D3A-9DCD-FA6807D598B5}.Release|ARM.ActiveCfg = Release|Any CPU
		{4F044910-C900-4D3A-9DCD-FA6807D598B5}.Release|x64.ActiveCfg = Release|Any CPU
		{4F044910-C900-4D3A-9DCD-FA6807D598B5}.Release|x86.ActiveCfg = Release|Any CPU
		{5836006B-7B6D-4810-BFF2-0435B51C60E7}.Debug|Any CPU.ActiveCfg = Debug|Any CPU
		{5836006B-7B6D-4810-BFF2-0435B51C60E7}.Debug|Any CPU.Build.0 = Debug|Any CPU
		{5836006B-7B6D-4810-BFF2-0435B51C60E7}.Debug|ARM.ActiveCfg = Debug|Any CPU
		{5836006B-7B6D-4810-BFF2-0435B51C60E7}.Debug|x64.ActiveCfg = Debug|Any CPU
		{5836006B-7B6D-4810-BFF2-0435B51C60E7}.Debug|x86.ActiveCfg = Debug|Any CPU
		{5836006B-7B6D-4810-BFF2-0435B51C60E7}.Integration|Any CPU.ActiveCfg = Integration|Any CPU
		{5836006B-7B6D-4810-BFF2-0435B51C60E7}.Integration|Any CPU.Build.0 = Integration|Any CPU
		{5836006B-7B6D-4810-BFF2-0435B51C60E7}.Integration|ARM.ActiveCfg = Integration|Any CPU
		{5836006B-7B6D-4810-BFF2-0435B51C60E7}.Integration|x64.ActiveCfg = Integration|Any CPU
		{5836006B-7B6D-4810-BFF2-0435B51C60E7}.Integration|x86.ActiveCfg = Integration|Any CPU
		{5836006B-7B6D-4810-BFF2-0435B51C60E7}.Production|Any CPU.ActiveCfg = Production|Any CPU
		{5836006B-7B6D-4810-BFF2-0435B51C60E7}.Production|Any CPU.Build.0 = Production|Any CPU
		{5836006B-7B6D-4810-BFF2-0435B51C60E7}.Production|ARM.ActiveCfg = Production|Any CPU
		{5836006B-7B6D-4810-BFF2-0435B51C60E7}.Production|x64.ActiveCfg = Production|Any CPU
		{5836006B-7B6D-4810-BFF2-0435B51C60E7}.Production|x86.ActiveCfg = Production|Any CPU
		{5836006B-7B6D-4810-BFF2-0435B51C60E7}.QA|Any CPU.ActiveCfg = QA|Any CPU
		{5836006B-7B6D-4810-BFF2-0435B51C60E7}.QA|Any CPU.Build.0 = QA|Any CPU
		{5836006B-7B6D-4810-BFF2-0435B51C60E7}.QA|ARM.ActiveCfg = QA|Any CPU
		{5836006B-7B6D-4810-BFF2-0435B51C60E7}.QA|x64.ActiveCfg = QA|Any CPU
		{5836006B-7B6D-4810-BFF2-0435B51C60E7}.QA|x86.ActiveCfg = QA|Any CPU
		{5836006B-7B6D-4810-BFF2-0435B51C60E7}.Release|Any CPU.ActiveCfg = Release|Any CPU
		{5836006B-7B6D-4810-BFF2-0435B51C60E7}.Release|Any CPU.Build.0 = Release|Any CPU
		{5836006B-7B6D-4810-BFF2-0435B51C60E7}.Release|ARM.ActiveCfg = Release|Any CPU
		{5836006B-7B6D-4810-BFF2-0435B51C60E7}.Release|x64.ActiveCfg = Release|Any CPU
		{5836006B-7B6D-4810-BFF2-0435B51C60E7}.Release|x86.ActiveCfg = Release|Any CPU
		{1E1A665E-7054-4436-8942-96E03209CEB3}.Debug|Any CPU.ActiveCfg = Debug|Any CPU
		{1E1A665E-7054-4436-8942-96E03209CEB3}.Debug|Any CPU.Build.0 = Debug|Any CPU
		{1E1A665E-7054-4436-8942-96E03209CEB3}.Debug|ARM.ActiveCfg = Debug|Any CPU
		{1E1A665E-7054-4436-8942-96E03209CEB3}.Debug|x64.ActiveCfg = Debug|Any CPU
		{1E1A665E-7054-4436-8942-96E03209CEB3}.Debug|x86.ActiveCfg = Debug|Any CPU
		{1E1A665E-7054-4436-8942-96E03209CEB3}.Integration|Any CPU.ActiveCfg = Integration|Any CPU
		{1E1A665E-7054-4436-8942-96E03209CEB3}.Integration|Any CPU.Build.0 = Integration|Any CPU
		{1E1A665E-7054-4436-8942-96E03209CEB3}.Integration|ARM.ActiveCfg = Integration|Any CPU
		{1E1A665E-7054-4436-8942-96E03209CEB3}.Integration|x64.ActiveCfg = Integration|Any CPU
		{1E1A665E-7054-4436-8942-96E03209CEB3}.Integration|x86.ActiveCfg = Integration|Any CPU
		{1E1A665E-7054-4436-8942-96E03209CEB3}.Production|Any CPU.ActiveCfg = Production|Any CPU
		{1E1A665E-7054-4436-8942-96E03209CEB3}.Production|Any CPU.Build.0 = Production|Any CPU
		{1E1A665E-7054-4436-8942-96E03209CEB3}.Production|ARM.ActiveCfg = Production|Any CPU
		{1E1A665E-7054-4436-8942-96E03209CEB3}.Production|x64.ActiveCfg = Production|Any CPU
		{1E1A665E-7054-4436-8942-96E03209CEB3}.Production|x86.ActiveCfg = Production|Any CPU
		{1E1A665E-7054-4436-8942-96E03209CEB3}.QA|Any CPU.ActiveCfg = QA|Any CPU
		{1E1A665E-7054-4436-8942-96E03209CEB3}.QA|Any CPU.Build.0 = QA|Any CPU
		{1E1A665E-7054-4436-8942-96E03209CEB3}.QA|ARM.ActiveCfg = QA|Any CPU
		{1E1A665E-7054-4436-8942-96E03209CEB3}.QA|x64.ActiveCfg = QA|Any CPU
		{1E1A665E-7054-4436-8942-96E03209CEB3}.QA|x86.ActiveCfg = QA|Any CPU
		{1E1A665E-7054-4436-8942-96E03209CEB3}.Release|Any CPU.ActiveCfg = Release|Any CPU
		{1E1A665E-7054-4436-8942-96E03209CEB3}.Release|Any CPU.Build.0 = Release|Any CPU
		{1E1A665E-7054-4436-8942-96E03209CEB3}.Release|ARM.ActiveCfg = Release|Any CPU
		{1E1A665E-7054-4436-8942-96E03209CEB3}.Release|x64.ActiveCfg = Release|Any CPU
		{1E1A665E-7054-4436-8942-96E03209CEB3}.Release|x86.ActiveCfg = Release|Any CPU
		{4723AB29-155C-4EB8-A545-FC9187DFA4E9}.Debug|Any CPU.ActiveCfg = Debug|Any CPU
		{4723AB29-155C-4EB8-A545-FC9187DFA4E9}.Debug|Any CPU.Build.0 = Debug|Any CPU
		{4723AB29-155C-4EB8-A545-FC9187DFA4E9}.Debug|ARM.ActiveCfg = Debug|Any CPU
		{4723AB29-155C-4EB8-A545-FC9187DFA4E9}.Debug|x64.ActiveCfg = Debug|Any CPU
		{4723AB29-155C-4EB8-A545-FC9187DFA4E9}.Debug|x86.ActiveCfg = Debug|Any CPU
		{4723AB29-155C-4EB8-A545-FC9187DFA4E9}.Integration|Any CPU.ActiveCfg = Integration|Any CPU
		{4723AB29-155C-4EB8-A545-FC9187DFA4E9}.Integration|Any CPU.Build.0 = Integration|Any CPU
		{4723AB29-155C-4EB8-A545-FC9187DFA4E9}.Integration|ARM.ActiveCfg = Integration|Any CPU
		{4723AB29-155C-4EB8-A545-FC9187DFA4E9}.Integration|x64.ActiveCfg = Integration|Any CPU
		{4723AB29-155C-4EB8-A545-FC9187DFA4E9}.Integration|x86.ActiveCfg = Integration|Any CPU
		{4723AB29-155C-4EB8-A545-FC9187DFA4E9}.Production|Any CPU.ActiveCfg = Production|Any CPU
		{4723AB29-155C-4EB8-A545-FC9187DFA4E9}.Production|Any CPU.Build.0 = Production|Any CPU
		{4723AB29-155C-4EB8-A545-FC9187DFA4E9}.Production|ARM.ActiveCfg = Production|Any CPU
		{4723AB29-155C-4EB8-A545-FC9187DFA4E9}.Production|x64.ActiveCfg = Production|Any CPU
		{4723AB29-155C-4EB8-A545-FC9187DFA4E9}.Production|x86.ActiveCfg = Production|Any CPU
		{4723AB29-155C-4EB8-A545-FC9187DFA4E9}.QA|Any CPU.ActiveCfg = QA|Any CPU
		{4723AB29-155C-4EB8-A545-FC9187DFA4E9}.QA|Any CPU.Build.0 = QA|Any CPU
		{4723AB29-155C-4EB8-A545-FC9187DFA4E9}.QA|ARM.ActiveCfg = QA|Any CPU
		{4723AB29-155C-4EB8-A545-FC9187DFA4E9}.QA|x64.ActiveCfg = QA|Any CPU
		{4723AB29-155C-4EB8-A545-FC9187DFA4E9}.QA|x86.ActiveCfg = QA|Any CPU
		{4723AB29-155C-4EB8-A545-FC9187DFA4E9}.Release|Any CPU.ActiveCfg = Release|Any CPU
		{4723AB29-155C-4EB8-A545-FC9187DFA4E9}.Release|Any CPU.Build.0 = Release|Any CPU
		{4723AB29-155C-4EB8-A545-FC9187DFA4E9}.Release|ARM.ActiveCfg = Release|Any CPU
		{4723AB29-155C-4EB8-A545-FC9187DFA4E9}.Release|x64.ActiveCfg = Release|Any CPU
		{4723AB29-155C-4EB8-A545-FC9187DFA4E9}.Release|x86.ActiveCfg = Release|Any CPU
		{3C392A7B-FB2A-464C-82A2-E389646C705B}.Debug|Any CPU.ActiveCfg = Debug|Any CPU
		{3C392A7B-FB2A-464C-82A2-E389646C705B}.Debug|Any CPU.Build.0 = Debug|Any CPU
		{3C392A7B-FB2A-464C-82A2-E389646C705B}.Debug|ARM.ActiveCfg = Debug|Any CPU
		{3C392A7B-FB2A-464C-82A2-E389646C705B}.Debug|x64.ActiveCfg = Debug|Any CPU
		{3C392A7B-FB2A-464C-82A2-E389646C705B}.Debug|x86.ActiveCfg = Debug|Any CPU
		{3C392A7B-FB2A-464C-82A2-E389646C705B}.Integration|Any CPU.ActiveCfg = Integration|Any CPU
		{3C392A7B-FB2A-464C-82A2-E389646C705B}.Integration|Any CPU.Build.0 = Integration|Any CPU
		{3C392A7B-FB2A-464C-82A2-E389646C705B}.Integration|ARM.ActiveCfg = Integration|Any CPU
		{3C392A7B-FB2A-464C-82A2-E389646C705B}.Integration|x64.ActiveCfg = Integration|Any CPU
		{3C392A7B-FB2A-464C-82A2-E389646C705B}.Integration|x86.ActiveCfg = Integration|Any CPU
		{3C392A7B-FB2A-464C-82A2-E389646C705B}.Production|Any CPU.ActiveCfg = Production|Any CPU
		{3C392A7B-FB2A-464C-82A2-E389646C705B}.Production|Any CPU.Build.0 = Production|Any CPU
		{3C392A7B-FB2A-464C-82A2-E389646C705B}.Production|ARM.ActiveCfg = Production|Any CPU
		{3C392A7B-FB2A-464C-82A2-E389646C705B}.Production|x64.ActiveCfg = Production|Any CPU
		{3C392A7B-FB2A-464C-82A2-E389646C705B}.Production|x86.ActiveCfg = Production|Any CPU
		{3C392A7B-FB2A-464C-82A2-E389646C705B}.QA|Any CPU.ActiveCfg = QA|Any CPU
		{3C392A7B-FB2A-464C-82A2-E389646C705B}.QA|Any CPU.Build.0 = QA|Any CPU
		{3C392A7B-FB2A-464C-82A2-E389646C705B}.QA|ARM.ActiveCfg = QA|Any CPU
		{3C392A7B-FB2A-464C-82A2-E389646C705B}.QA|x64.ActiveCfg = QA|Any CPU
		{3C392A7B-FB2A-464C-82A2-E389646C705B}.QA|x86.ActiveCfg = QA|Any CPU
		{3C392A7B-FB2A-464C-82A2-E389646C705B}.Release|Any CPU.ActiveCfg = Release|Any CPU
		{3C392A7B-FB2A-464C-82A2-E389646C705B}.Release|Any CPU.Build.0 = Release|Any CPU
		{3C392A7B-FB2A-464C-82A2-E389646C705B}.Release|ARM.ActiveCfg = Release|Any CPU
		{3C392A7B-FB2A-464C-82A2-E389646C705B}.Release|x64.ActiveCfg = Release|Any CPU
		{3C392A7B-FB2A-464C-82A2-E389646C705B}.Release|x86.ActiveCfg = Release|Any CPU
		{4702D0D1-F9BE-4B93-9F82-8AC203EF6E16}.Debug|Any CPU.ActiveCfg = Debug|Any CPU
		{4702D0D1-F9BE-4B93-9F82-8AC203EF6E16}.Debug|Any CPU.Build.0 = Debug|Any CPU
		{4702D0D1-F9BE-4B93-9F82-8AC203EF6E16}.Debug|ARM.ActiveCfg = Debug|Any CPU
		{4702D0D1-F9BE-4B93-9F82-8AC203EF6E16}.Debug|x64.ActiveCfg = Debug|Any CPU
		{4702D0D1-F9BE-4B93-9F82-8AC203EF6E16}.Debug|x86.ActiveCfg = Debug|Any CPU
		{4702D0D1-F9BE-4B93-9F82-8AC203EF6E16}.Integration|Any CPU.ActiveCfg = Integration|Any CPU
		{4702D0D1-F9BE-4B93-9F82-8AC203EF6E16}.Integration|Any CPU.Build.0 = Integration|Any CPU
		{4702D0D1-F9BE-4B93-9F82-8AC203EF6E16}.Integration|ARM.ActiveCfg = Integration|Any CPU
		{4702D0D1-F9BE-4B93-9F82-8AC203EF6E16}.Integration|x64.ActiveCfg = Integration|Any CPU
		{4702D0D1-F9BE-4B93-9F82-8AC203EF6E16}.Integration|x86.ActiveCfg = Integration|Any CPU
		{4702D0D1-F9BE-4B93-9F82-8AC203EF6E16}.Production|Any CPU.ActiveCfg = Production|Any CPU
		{4702D0D1-F9BE-4B93-9F82-8AC203EF6E16}.Production|Any CPU.Build.0 = Production|Any CPU
		{4702D0D1-F9BE-4B93-9F82-8AC203EF6E16}.Production|ARM.ActiveCfg = Production|Any CPU
		{4702D0D1-F9BE-4B93-9F82-8AC203EF6E16}.Production|x64.ActiveCfg = Production|Any CPU
		{4702D0D1-F9BE-4B93-9F82-8AC203EF6E16}.Production|x86.ActiveCfg = Production|Any CPU
		{4702D0D1-F9BE-4B93-9F82-8AC203EF6E16}.QA|Any CPU.ActiveCfg = QA|Any CPU
		{4702D0D1-F9BE-4B93-9F82-8AC203EF6E16}.QA|Any CPU.Build.0 = QA|Any CPU
		{4702D0D1-F9BE-4B93-9F82-8AC203EF6E16}.QA|ARM.ActiveCfg = QA|Any CPU
		{4702D0D1-F9BE-4B93-9F82-8AC203EF6E16}.QA|x64.ActiveCfg = QA|Any CPU
		{4702D0D1-F9BE-4B93-9F82-8AC203EF6E16}.QA|x86.ActiveCfg = QA|Any CPU
		{4702D0D1-F9BE-4B93-9F82-8AC203EF6E16}.Release|Any CPU.ActiveCfg = Release|Any CPU
		{4702D0D1-F9BE-4B93-9F82-8AC203EF6E16}.Release|Any CPU.Build.0 = Release|Any CPU
		{4702D0D1-F9BE-4B93-9F82-8AC203EF6E16}.Release|ARM.ActiveCfg = Release|Any CPU
		{4702D0D1-F9BE-4B93-9F82-8AC203EF6E16}.Release|x64.ActiveCfg = Release|Any CPU
		{4702D0D1-F9BE-4B93-9F82-8AC203EF6E16}.Release|x86.ActiveCfg = Release|Any CPU
		{E28AD1BD-7F9E-48D5-8E18-F9F1EB9AC5D9}.Debug|Any CPU.ActiveCfg = Debug|Any CPU
		{E28AD1BD-7F9E-48D5-8E18-F9F1EB9AC5D9}.Debug|Any CPU.Build.0 = Debug|Any CPU
		{E28AD1BD-7F9E-48D5-8E18-F9F1EB9AC5D9}.Debug|ARM.ActiveCfg = Debug|Any CPU
		{E28AD1BD-7F9E-48D5-8E18-F9F1EB9AC5D9}.Debug|x64.ActiveCfg = Debug|Any CPU
		{E28AD1BD-7F9E-48D5-8E18-F9F1EB9AC5D9}.Debug|x86.ActiveCfg = Debug|Any CPU
		{E28AD1BD-7F9E-48D5-8E18-F9F1EB9AC5D9}.Integration|Any CPU.ActiveCfg = Integration|Any CPU
		{E28AD1BD-7F9E-48D5-8E18-F9F1EB9AC5D9}.Integration|Any CPU.Build.0 = Integration|Any CPU
		{E28AD1BD-7F9E-48D5-8E18-F9F1EB9AC5D9}.Integration|ARM.ActiveCfg = Integration|Any CPU
		{E28AD1BD-7F9E-48D5-8E18-F9F1EB9AC5D9}.Integration|x64.ActiveCfg = Integration|Any CPU
		{E28AD1BD-7F9E-48D5-8E18-F9F1EB9AC5D9}.Integration|x86.ActiveCfg = Integration|Any CPU
		{E28AD1BD-7F9E-48D5-8E18-F9F1EB9AC5D9}.Production|Any CPU.ActiveCfg = Production|Any CPU
		{E28AD1BD-7F9E-48D5-8E18-F9F1EB9AC5D9}.Production|Any CPU.Build.0 = Production|Any CPU
		{E28AD1BD-7F9E-48D5-8E18-F9F1EB9AC5D9}.Production|ARM.ActiveCfg = Production|Any CPU
		{E28AD1BD-7F9E-48D5-8E18-F9F1EB9AC5D9}.Production|x64.ActiveCfg = Production|Any CPU
		{E28AD1BD-7F9E-48D5-8E18-F9F1EB9AC5D9}.Production|x86.ActiveCfg = Production|Any CPU
		{E28AD1BD-7F9E-48D5-8E18-F9F1EB9AC5D9}.QA|Any CPU.ActiveCfg = QA|Any CPU
		{E28AD1BD-7F9E-48D5-8E18-F9F1EB9AC5D9}.QA|Any CPU.Build.0 = QA|Any CPU
		{E28AD1BD-7F9E-48D5-8E18-F9F1EB9AC5D9}.QA|ARM.ActiveCfg = QA|Any CPU
		{E28AD1BD-7F9E-48D5-8E18-F9F1EB9AC5D9}.QA|x64.ActiveCfg = QA|Any CPU
		{E28AD1BD-7F9E-48D5-8E18-F9F1EB9AC5D9}.QA|x86.ActiveCfg = QA|Any CPU
		{E28AD1BD-7F9E-48D5-8E18-F9F1EB9AC5D9}.Release|Any CPU.ActiveCfg = Release|Any CPU
		{E28AD1BD-7F9E-48D5-8E18-F9F1EB9AC5D9}.Release|Any CPU.Build.0 = Release|Any CPU
		{E28AD1BD-7F9E-48D5-8E18-F9F1EB9AC5D9}.Release|ARM.ActiveCfg = Release|Any CPU
		{E28AD1BD-7F9E-48D5-8E18-F9F1EB9AC5D9}.Release|x64.ActiveCfg = Release|Any CPU
		{E28AD1BD-7F9E-48D5-8E18-F9F1EB9AC5D9}.Release|x86.ActiveCfg = Release|Any CPU
		{CC0BFEDD-1BEA-4E35-8F72-2A5B2EA46AEB}.Debug|Any CPU.ActiveCfg = Debug|Any CPU
		{CC0BFEDD-1BEA-4E35-8F72-2A5B2EA46AEB}.Debug|Any CPU.Build.0 = Debug|Any CPU
		{CC0BFEDD-1BEA-4E35-8F72-2A5B2EA46AEB}.Debug|ARM.ActiveCfg = Debug|Any CPU
		{CC0BFEDD-1BEA-4E35-8F72-2A5B2EA46AEB}.Debug|x64.ActiveCfg = Debug|Any CPU
		{CC0BFEDD-1BEA-4E35-8F72-2A5B2EA46AEB}.Debug|x86.ActiveCfg = Debug|Any CPU
		{CC0BFEDD-1BEA-4E35-8F72-2A5B2EA46AEB}.Integration|Any CPU.ActiveCfg = Integration|Any CPU
		{CC0BFEDD-1BEA-4E35-8F72-2A5B2EA46AEB}.Integration|Any CPU.Build.0 = Integration|Any CPU
		{CC0BFEDD-1BEA-4E35-8F72-2A5B2EA46AEB}.Integration|ARM.ActiveCfg = Integration|Any CPU
		{CC0BFEDD-1BEA-4E35-8F72-2A5B2EA46AEB}.Integration|x64.ActiveCfg = Integration|Any CPU
		{CC0BFEDD-1BEA-4E35-8F72-2A5B2EA46AEB}.Integration|x86.ActiveCfg = Integration|Any CPU
		{CC0BFEDD-1BEA-4E35-8F72-2A5B2EA46AEB}.Production|Any CPU.ActiveCfg = Production|Any CPU
		{CC0BFEDD-1BEA-4E35-8F72-2A5B2EA46AEB}.Production|Any CPU.Build.0 = Production|Any CPU
		{CC0BFEDD-1BEA-4E35-8F72-2A5B2EA46AEB}.Production|ARM.ActiveCfg = Production|Any CPU
		{CC0BFEDD-1BEA-4E35-8F72-2A5B2EA46AEB}.Production|x64.ActiveCfg = Production|Any CPU
		{CC0BFEDD-1BEA-4E35-8F72-2A5B2EA46AEB}.Production|x86.ActiveCfg = Production|Any CPU
		{CC0BFEDD-1BEA-4E35-8F72-2A5B2EA46AEB}.QA|Any CPU.ActiveCfg = QA|Any CPU
		{CC0BFEDD-1BEA-4E35-8F72-2A5B2EA46AEB}.QA|Any CPU.Build.0 = QA|Any CPU
		{CC0BFEDD-1BEA-4E35-8F72-2A5B2EA46AEB}.QA|ARM.ActiveCfg = QA|Any CPU
		{CC0BFEDD-1BEA-4E35-8F72-2A5B2EA46AEB}.QA|x64.ActiveCfg = QA|Any CPU
		{CC0BFEDD-1BEA-4E35-8F72-2A5B2EA46AEB}.QA|x86.ActiveCfg = QA|Any CPU
		{CC0BFEDD-1BEA-4E35-8F72-2A5B2EA46AEB}.Release|Any CPU.ActiveCfg = Release|Any CPU
		{CC0BFEDD-1BEA-4E35-8F72-2A5B2EA46AEB}.Release|Any CPU.Build.0 = Release|Any CPU
		{CC0BFEDD-1BEA-4E35-8F72-2A5B2EA46AEB}.Release|ARM.ActiveCfg = Release|Any CPU
		{CC0BFEDD-1BEA-4E35-8F72-2A5B2EA46AEB}.Release|x64.ActiveCfg = Release|Any CPU
		{CC0BFEDD-1BEA-4E35-8F72-2A5B2EA46AEB}.Release|x86.ActiveCfg = Release|Any CPU
		{1137A9D3-2BFA-4248-8442-81437569D269}.Debug|Any CPU.ActiveCfg = Debug|Any CPU
		{1137A9D3-2BFA-4248-8442-81437569D269}.Debug|Any CPU.Build.0 = Debug|Any CPU
		{1137A9D3-2BFA-4248-8442-81437569D269}.Debug|ARM.ActiveCfg = Debug|Any CPU
		{1137A9D3-2BFA-4248-8442-81437569D269}.Debug|x64.ActiveCfg = Debug|Any CPU
		{1137A9D3-2BFA-4248-8442-81437569D269}.Debug|x86.ActiveCfg = Debug|Any CPU
		{1137A9D3-2BFA-4248-8442-81437569D269}.Integration|Any CPU.ActiveCfg = Integration|Any CPU
		{1137A9D3-2BFA-4248-8442-81437569D269}.Integration|Any CPU.Build.0 = Integration|Any CPU
		{1137A9D3-2BFA-4248-8442-81437569D269}.Integration|ARM.ActiveCfg = Integration|Any CPU
		{1137A9D3-2BFA-4248-8442-81437569D269}.Integration|x64.ActiveCfg = Integration|Any CPU
		{1137A9D3-2BFA-4248-8442-81437569D269}.Integration|x86.ActiveCfg = Integration|Any CPU
		{1137A9D3-2BFA-4248-8442-81437569D269}.Production|Any CPU.ActiveCfg = Production|Any CPU
		{1137A9D3-2BFA-4248-8442-81437569D269}.Production|Any CPU.Build.0 = Production|Any CPU
		{1137A9D3-2BFA-4248-8442-81437569D269}.Production|ARM.ActiveCfg = Production|Any CPU
		{1137A9D3-2BFA-4248-8442-81437569D269}.Production|x64.ActiveCfg = Production|Any CPU
		{1137A9D3-2BFA-4248-8442-81437569D269}.Production|x86.ActiveCfg = Production|Any CPU
		{1137A9D3-2BFA-4248-8442-81437569D269}.QA|Any CPU.ActiveCfg = QA|Any CPU
		{1137A9D3-2BFA-4248-8442-81437569D269}.QA|Any CPU.Build.0 = QA|Any CPU
		{1137A9D3-2BFA-4248-8442-81437569D269}.QA|ARM.ActiveCfg = QA|Any CPU
		{1137A9D3-2BFA-4248-8442-81437569D269}.QA|x64.ActiveCfg = QA|Any CPU
		{1137A9D3-2BFA-4248-8442-81437569D269}.QA|x86.ActiveCfg = QA|Any CPU
		{1137A9D3-2BFA-4248-8442-81437569D269}.Release|Any CPU.ActiveCfg = Release|Any CPU
		{1137A9D3-2BFA-4248-8442-81437569D269}.Release|Any CPU.Build.0 = Release|Any CPU
		{1137A9D3-2BFA-4248-8442-81437569D269}.Release|ARM.ActiveCfg = Release|Any CPU
		{1137A9D3-2BFA-4248-8442-81437569D269}.Release|x64.ActiveCfg = Release|Any CPU
		{1137A9D3-2BFA-4248-8442-81437569D269}.Release|x86.ActiveCfg = Release|Any CPU
	EndGlobalSection
	GlobalSection(SolutionProperties) = preSolution
		HideSolutionNode = FALSE
	EndGlobalSection
	GlobalSection(NestedProjects) = preSolution
		{4F044910-C900-4D3A-9DCD-FA6807D598B5} = {8FF5AFD9-EB6F-44CE-B38F-AC7DEB0598B5}
		{5836006B-7B6D-4810-BFF2-0435B51C60E7} = {8FF5AFD9-EB6F-44CE-B38F-AC7DEB0598B5}
		{1E1A665E-7054-4436-8942-96E03209CEB3} = {8FF5AFD9-EB6F-44CE-B38F-AC7DEB0598B5}
		{4702D0D1-F9BE-4B93-9F82-8AC203EF6E16} = {8FF5AFD9-EB6F-44CE-B38F-AC7DEB0598B5}
		{1137A9D3-2BFA-4248-8442-81437569D269} = {8FF5AFD9-EB6F-44CE-B38F-AC7DEB0598B5}
	EndGlobalSection
EndGlobal
